
Microsoft Visual Studio Solution File, Format Version 10.00
# Visual Studio 2008
Project("{8BC9CEB8-8B4A-11D0-8D11-00A0C91BC942}") = "X-Ray Application PC Wizard", "application_pc\X-Ray Application PC Wizard.vcproj", "{498C58EB-CCFD-4F60-AEB0-F1178181FEF2}"
EndProject
Project("{8BC9CEB8-8B4A-11D0-8D11-00A0C91BC942}") = "X-Ray Library Wizard", "library\X-Ray Library Wizard.vcproj", "{934FE3D6-82D0-43A4-AFA0-8AC7EBC579A3}"
EndProject
Project("{8BC9CEB8-8B4A-11D0-8D11-00A0C91BC942}") = "X-Ray Utility Wizard", "utility\X-Ray Utility Wizard.vcproj", "{F9A856F8-941C-4C46-BA25-279D9A2C57E7}"
EndProject
Project("{8BC9CEB8-8B4A-11D0-8D11-00A0C91BC942}") = "X-Ray Maya Plugin Wizard", "maya_plugin\X-Ray Maya Plugin Wizard.vcproj", "{4BF28794-167D-42D4-AD07-4A7A8BE970E8}"
EndProject
Project("{8BC9CEB8-8B4A-11D0-8D11-00A0C91BC942}") = "X-Ray Application Xbox 360 Wizard", "application_xbox360\X-Ray Application Xbox 360 Wizard.vcproj", "{B6529CFD-8DC8-4FCB-A06D-37DFC593D5A7}"
EndProject
Global
	GlobalSection(SolutionConfigurationPlatforms) = preSolution
		Debug(static)|Win32 = Debug(static)|Win32
		Debug(static)|x64 = Debug(static)|x64
		Debug(static)|Xbox 360 = Debug(static)|Xbox 360
		Debug(static,crt dynamic)|Win32 = Debug(static,crt dynamic)|Win32
		Debug(static,crt dynamic)|x64 = Debug(static,crt dynamic)|x64
		Debug(static,crt dynamic)|Xbox 360 = Debug(static,crt dynamic)|Xbox 360
		Debug|Win32 = Debug|Win32
		Debug|x64 = Debug|x64
		Debug|Xbox 360 = Debug|Xbox 360
		Master Gold|Win32 = Master Gold|Win32
		Master Gold|x64 = Master Gold|x64
		Master Gold|Xbox 360 = Master Gold|Xbox 360
		Release(static)|Win32 = Release(static)|Win32
		Release(static)|x64 = Release(static)|x64
		Release(static)|Xbox 360 = Release(static)|Xbox 360
		Release(static,crt dynamic)|Win32 = Release(static,crt dynamic)|Win32
		Release(static,crt dynamic)|x64 = Release(static,crt dynamic)|x64
		Release(static,crt dynamic)|Xbox 360 = Release(static,crt dynamic)|Xbox 360
		Release|Win32 = Release|Win32
		Release|x64 = Release|x64
		Release|Xbox 360 = Release|Xbox 360
	EndGlobalSection
	GlobalSection(ProjectConfigurationPlatforms) = postSolution
		{498C58EB-CCFD-4F60-AEB0-F1178181FEF2}.Debug(static)|Win32.ActiveCfg = Debug|Win32
		{498C58EB-CCFD-4F60-AEB0-F1178181FEF2}.Debug(static)|Win32.Build.0 = Debug|Win32
		{498C58EB-CCFD-4F60-AEB0-F1178181FEF2}.Debug(static)|x64.ActiveCfg = Debug|Win32
		{498C58EB-CCFD-4F60-AEB0-F1178181FEF2}.Debug(static)|Xbox 360.ActiveCfg = Debug|Win32
		{498C58EB-CCFD-4F60-AEB0-F1178181FEF2}.Debug(static,crt dynamic)|Win32.ActiveCfg = Debug|Win32
		{498C58EB-CCFD-4F60-AEB0-F1178181FEF2}.Debug(static,crt dynamic)|Win32.Build.0 = Debug|Win32
		{498C58EB-CCFD-4F60-AEB0-F1178181FEF2}.Debug(static,crt dynamic)|x64.ActiveCfg = Debug|Win32
		{498C58EB-CCFD-4F60-AEB0-F1178181FEF2}.Debug(static,crt dynamic)|Xbox 360.ActiveCfg = Debug|Win32
		{498C58EB-CCFD-4F60-AEB0-F1178181FEF2}.Debug|Win32.ActiveCfg = Debug|Win32
		{498C58EB-CCFD-4F60-AEB0-F1178181FEF2}.Debug|Win32.Build.0 = Debug|Win32
		{498C58EB-CCFD-4F60-AEB0-F1178181FEF2}.Debug|x64.ActiveCfg = Debug|Win32
		{498C58EB-CCFD-4F60-AEB0-F1178181FEF2}.Debug|Xbox 360.ActiveCfg = Debug|Win32
		{498C58EB-CCFD-4F60-AEB0-F1178181FEF2}.Master Gold|Win32.ActiveCfg = Release|Win32
		{498C58EB-CCFD-4F60-AEB0-F1178181FEF2}.Master Gold|Win32.Build.0 = Release|Win32
		{498C58EB-CCFD-4F60-AEB0-F1178181FEF2}.Master Gold|x64.ActiveCfg = Release|Win32
		{498C58EB-CCFD-4F60-AEB0-F1178181FEF2}.Master Gold|Xbox 360.ActiveCfg = Release|Win32
		{498C58EB-CCFD-4F60-AEB0-F1178181FEF2}.Release(static)|Win32.ActiveCfg = Release|Win32
		{498C58EB-CCFD-4F60-AEB0-F1178181FEF2}.Release(static)|Win32.Build.0 = Release|Win32
		{498C58EB-CCFD-4F60-AEB0-F1178181FEF2}.Release(static)|x64.ActiveCfg = Release|Win32
		{498C58EB-CCFD-4F60-AEB0-F1178181FEF2}.Release(static)|Xbox 360.ActiveCfg = Release|Win32
		{498C58EB-CCFD-4F60-AEB0-F1178181FEF2}.Release(static,crt dynamic)|Win32.ActiveCfg = Release|Win32
		{498C58EB-CCFD-4F60-AEB0-F1178181FEF2}.Release(static,crt dynamic)|Win32.Build.0 = Release|Win32
		{498C58EB-CCFD-4F60-AEB0-F1178181FEF2}.Release(static,crt dynamic)|x64.ActiveCfg = Release|Win32
		{498C58EB-CCFD-4F60-AEB0-F1178181FEF2}.Release(static,crt dynamic)|Xbox 360.ActiveCfg = Release|Win32
		{498C58EB-CCFD-4F60-AEB0-F1178181FEF2}.Release|Win32.ActiveCfg = Release|Win32
		{498C58EB-CCFD-4F60-AEB0-F1178181FEF2}.Release|Win32.Build.0 = Release|Win32
		{498C58EB-CCFD-4F60-AEB0-F1178181FEF2}.Release|x64.ActiveCfg = Release|Win32
		{498C58EB-CCFD-4F60-AEB0-F1178181FEF2}.Release|Xbox 360.ActiveCfg = Release|Win32
		{934FE3D6-82D0-43A4-AFA0-8AC7EBC579A3}.Debug(static)|Win32.ActiveCfg = Debug|Win32
		{934FE3D6-82D0-43A4-AFA0-8AC7EBC579A3}.Debug(static)|Win32.Build.0 = Debug|Win32
		{934FE3D6-82D0-43A4-AFA0-8AC7EBC579A3}.Debug(static)|x64.ActiveCfg = Debug|Win32
		{934FE3D6-82D0-43A4-AFA0-8AC7EBC579A3}.Debug(static)|Xbox 360.ActiveCfg = Debug|Win32
		{934FE3D6-82D0-43A4-AFA0-8AC7EBC579A3}.Debug(static,crt dynamic)|Win32.ActiveCfg = Debug|Win32
		{934FE3D6-82D0-43A4-AFA0-8AC7EBC579A3}.Debug(static,crt dynamic)|Win32.Build.0 = Debug|Win32
		{934FE3D6-82D0-43A4-AFA0-8AC7EBC579A3}.Debug(static,crt dynamic)|x64.ActiveCfg = Debug|Win32
		{934FE3D6-82D0-43A4-AFA0-8AC7EBC579A3}.Debug(static,crt dynamic)|Xbox 360.ActiveCfg = Debug|Win32
		{934FE3D6-82D0-43A4-AFA0-8AC7EBC579A3}.Debug|Win32.ActiveCfg = Debug|Win32
		{934FE3D6-82D0-43A4-AFA0-8AC7EBC579A3}.Debug|Win32.Build.0 = Debug|Win32
		{934FE3D6-82D0-43A4-AFA0-8AC7EBC579A3}.Debug|x64.ActiveCfg = Debug|Win32
		{934FE3D6-82D0-43A4-AFA0-8AC7EBC579A3}.Debug|Xbox 360.ActiveCfg = Debug|Win32
		{934FE3D6-82D0-43A4-AFA0-8AC7EBC579A3}.Master Gold|Win32.ActiveCfg = Release|Win32
		{934FE3D6-82D0-43A4-AFA0-8AC7EBC579A3}.Master Gold|Win32.Build.0 = Release|Win32
		{934FE3D6-82D0-43A4-AFA0-8AC7EBC579A3}.Master Gold|x64.ActiveCfg = Release|Win32
		{934FE3D6-82D0-43A4-AFA0-8AC7EBC579A3}.Master Gold|Xbox 360.ActiveCfg = Release|Win32
		{934FE3D6-82D0-43A4-AFA0-8AC7EBC579A3}.Release(static)|Win32.ActiveCfg = Release|Win32
		{934FE3D6-82D0-43A4-AFA0-8AC7EBC579A3}.Release(static)|Win32.Build.0 = Release|Win32
		{934FE3D6-82D0-43A4-AFA0-8AC7EBC579A3}.Release(static)|x64.ActiveCfg = Release|Win32
		{934FE3D6-82D0-43A4-AFA0-8AC7EBC579A3}.Release(static)|Xbox 360.ActiveCfg = Release|Win32
		{934FE3D6-82D0-43A4-AFA0-8AC7EBC579A3}.Release(static,crt dynamic)|Win32.ActiveCfg = Release|Win32
		{934FE3D6-82D0-43A4-AFA0-8AC7EBC579A3}.Release(static,crt dynamic)|Win32.Build.0 = Release|Win32
		{934FE3D6-82D0-43A4-AFA0-8AC7EBC579A3}.Release(static,crt dynamic)|x64.ActiveCfg = Release|Win32
		{934FE3D6-82D0-43A4-AFA0-8AC7EBC579A3}.Release(static,crt dynamic)|Xbox 360.ActiveCfg = Release|Win32
		{934FE3D6-82D0-43A4-AFA0-8AC7EBC579A3}.Release|Win32.ActiveCfg = Release|Win32
		{934FE3D6-82D0-43A4-AFA0-8AC7EBC579A3}.Release|Win32.Build.0 = Release|Win32
		{934FE3D6-82D0-43A4-AFA0-8AC7EBC579A3}.Release|x64.ActiveCfg = Release|Win32
		{934FE3D6-82D0-43A4-AFA0-8AC7EBC579A3}.Release|Xbox 360.ActiveCfg = Release|Win32
		{F9A856F8-941C-4C46-BA25-279D9A2C57E7}.Debug(static)|Win32.ActiveCfg = Debug|Win32
		{F9A856F8-941C-4C46-BA25-279D9A2C57E7}.Debug(static)|Win32.Build.0 = Debug|Win32
		{F9A856F8-941C-4C46-BA25-279D9A2C57E7}.Debug(static)|x64.ActiveCfg = Debug|Win32
		{F9A856F8-941C-4C46-BA25-279D9A2C57E7}.Debug(static)|Xbox 360.ActiveCfg = Debug|Win32
		{F9A856F8-941C-4C46-BA25-279D9A2C57E7}.Debug(static,crt dynamic)|Win32.ActiveCfg = Debug|Win32
		{F9A856F8-941C-4C46-BA25-279D9A2C57E7}.Debug(static,crt dynamic)|Win32.Build.0 = Debug|Win32
		{F9A856F8-941C-4C46-BA25-279D9A2C57E7}.Debug(static,crt dynamic)|x64.ActiveCfg = Debug|Win32
		{F9A856F8-941C-4C46-BA25-279D9A2C57E7}.Debug(static,crt dynamic)|Xbox 360.ActiveCfg = Debug|Win32
		{F9A856F8-941C-4C46-BA25-279D9A2C57E7}.Debug|Win32.ActiveCfg = Debug|Win32
		{F9A856F8-941C-4C46-BA25-279D9A2C57E7}.Debug|Win32.Build.0 = Debug|Win32
		{F9A856F8-941C-4C46-BA25-279D9A2C57E7}.Debug|x64.ActiveCfg = Debug|Win32
		{F9A856F8-941C-4C46-BA25-279D9A2C57E7}.Debug|Xbox 360.ActiveCfg = Debug|Win32
		{F9A856F8-941C-4C46-BA25-279D9A2C57E7}.Master Gold|Win32.ActiveCfg = Release|Win32
		{F9A856F8-941C-4C46-BA25-279D9A2C57E7}.Master Gold|Win32.Build.0 = Release|Win32
		{F9A856F8-941C-4C46-BA25-279D9A2C57E7}.Master Gold|x64.ActiveCfg = Release|Win32
		{F9A856F8-941C-4C46-BA25-279D9A2C57E7}.Master Gold|Xbox 360.ActiveCfg = Release|Win32
		{F9A856F8-941C-4C46-BA25-279D9A2C57E7}.Release(static)|Win32.ActiveCfg = Release|Win32
		{F9A856F8-941C-4C46-BA25-279D9A2C57E7}.Release(static)|Win32.Build.0 = Release|Win32
		{F9A856F8-941C-4C46-BA25-279D9A2C57E7}.Release(static)|x64.ActiveCfg = Release|Win32
		{F9A856F8-941C-4C46-BA25-279D9A2C57E7}.Release(static)|Xbox 360.ActiveCfg = Release|Win32
		{F9A856F8-941C-4C46-BA25-279D9A2C57E7}.Release(static,crt dynamic)|Win32.ActiveCfg = Release|Win32
		{F9A856F8-941C-4C46-BA25-279D9A2C57E7}.Release(static,crt dynamic)|Win32.Build.0 = Release|Win32
		{F9A856F8-941C-4C46-BA25-279D9A2C57E7}.Release(static,crt dynamic)|x64.ActiveCfg = Release|Win32
		{F9A856F8-941C-4C46-BA25-279D9A2C57E7}.Release(static,crt dynamic)|Xbox 360.ActiveCfg = Release|Win32
		{F9A856F8-941C-4C46-BA25-279D9A2C57E7}.Release|Win32.ActiveCfg = Release|Win32
		{F9A856F8-941C-4C46-BA25-279D9A2C57E7}.Release|Win32.Build.0 = Release|Win32
		{F9A856F8-941C-4C46-BA25-279D9A2C57E7}.Release|x64.ActiveCfg = Release|Win32
		{F9A856F8-941C-4C46-BA25-279D9A2C57E7}.Release|Xbox 360.ActiveCfg = Release|Win32
		{4BF28794-167D-42D4-AD07-4A7A8BE970E8}.Debug(static)|Win32.ActiveCfg = Debug|Win32
		{4BF28794-167D-42D4-AD07-4A7A8BE970E8}.Debug(static)|Win32.Build.0 = Debug|Win32
		{4BF28794-167D-42D4-AD07-4A7A8BE970E8}.Debug(static)|x64.ActiveCfg = Debug|Win32
		{4BF28794-167D-42D4-AD07-4A7A8BE970E8}.Debug(static)|Xbox 360.ActiveCfg = Debug|Win32
		{4BF28794-167D-42D4-AD07-4A7A8BE970E8}.Debug(static,crt dynamic)|Win32.ActiveCfg = Debug|Win32
		{4BF28794-167D-42D4-AD07-4A7A8BE970E8}.Debug(static,crt dynamic)|Win32.Build.0 = Debug|Win32
		{4BF28794-167D-42D4-AD07-4A7A8BE970E8}.Debug(static,crt dynamic)|x64.ActiveCfg = Debug|Win32
		{4BF28794-167D-42D4-AD07-4A7A8BE970E8}.Debug(static,crt dynamic)|Xbox 360.ActiveCfg = Debug|Win32
		{4BF28794-167D-42D4-AD07-4A7A8BE970E8}.Debug|Win32.ActiveCfg = Debug|Win32
		{4BF28794-167D-42D4-AD07-4A7A8BE970E8}.Debug|Win32.Build.0 = Debug|Win32
		{4BF28794-167D-42D4-AD07-4A7A8BE970E8}.Debug|x64.ActiveCfg = Debug|Win32
		{4BF28794-167D-42D4-AD07-4A7A8BE970E8}.Debug|Xbox 360.ActiveCfg = Debug|Win32
		{4BF28794-167D-42D4-AD07-4A7A8BE970E8}.Master Gold|Win32.ActiveCfg = Release|Win32
		{4BF28794-167D-42D4-AD07-4A7A8BE970E8}.Master Gold|Win32.Build.0 = Release|Win32
		{4BF28794-167D-42D4-AD07-4A7A8BE970E8}.Master Gold|x64.ActiveCfg = Release|Win32
		{4BF28794-167D-42D4-AD07-4A7A8BE970E8}.Master Gold|Xbox 360.ActiveCfg = Release|Win32
		{4BF28794-167D-42D4-AD07-4A7A8BE970E8}.Release(static)|Win32.ActiveCfg = Release|Win32
		{4BF28794-167D-42D4-AD07-4A7A8BE970E8}.Release(static)|Win32.Build.0 = Release|Win32
		{4BF28794-167D-42D4-AD07-4A7A8BE970E8}.Release(static)|x64.ActiveCfg = Release|Win32
		{4BF28794-167D-42D4-AD07-4A7A8BE970E8}.Release(static)|Xbox 360.ActiveCfg = Release|Win32
		{4BF28794-167D-42D4-AD07-4A7A8BE970E8}.Release(static,crt dynamic)|Win32.ActiveCfg = Release|Win32
		{4BF28794-167D-42D4-AD07-4A7A8BE970E8}.Release(static,crt dynamic)|Win32.Build.0 = Release|Win32
		{4BF28794-167D-42D4-AD07-4A7A8BE970E8}.Release(static,crt dynamic)|x64.ActiveCfg = Release|Win32
		{4BF28794-167D-42D4-AD07-4A7A8BE970E8}.Release(static,crt dynamic)|Xbox 360.ActiveCfg = Release|Win32
		{4BF28794-167D-42D4-AD07-4A7A8BE970E8}.Release|Win32.ActiveCfg = Release|Win32
		{4BF28794-167D-42D4-AD07-4A7A8BE970E8}.Release|Win32.Build.0 = Release|Win32
		{4BF28794-167D-42D4-AD07-4A7A8BE970E8}.Release|x64.ActiveCfg = Release|Win32
		{4BF28794-167D-42D4-AD07-4A7A8BE970E8}.Release|Xbox 360.ActiveCfg = Release|Win32
		{B6529CFD-8DC8-4FCB-A06D-37DFC593D5A7}.Debug(static)|Win32.ActiveCfg = Debug|Win32
		{B6529CFD-8DC8-4FCB-A06D-37DFC593D5A7}.Debug(static)|Win32.Build.0 = Debug|Win32
		{B6529CFD-8DC8-4FCB-A06D-37DFC593D5A7}.Debug(static)|x64.ActiveCfg = Debug|Win32
		{B6529CFD-8DC8-4FCB-A06D-37DFC593D5A7}.Debug(static)|Xbox 360.ActiveCfg = Debug|Win32
		{B6529CFD-8DC8-4FCB-A06D-37DFC593D5A7}.Debug(static,crt dynamic)|Win32.ActiveCfg = Debug|Win32
		{B6529CFD-8DC8-4FCB-A06D-37DFC593D5A7}.Debug(static,crt dynamic)|Win32.Build.0 = Debug|Win32
		{B6529CFD-8DC8-4FCB-A06D-37DFC593D5A7}.Debug(static,crt dynamic)|x64.ActiveCfg = Debug|Win32
		{B6529CFD-8DC8-4FCB-A06D-37DFC593D5A7}.Debug(static,crt dynamic)|Xbox 360.ActiveCfg = Debug|Win32
		{B6529CFD-8DC8-4FCB-A06D-37DFC593D5A7}.Debug|Win32.ActiveCfg = Debug|Win32
		{B6529CFD-8DC8-4FCB-A06D-37DFC593D5A7}.Debug|Win32.Build.0 = Debug|Win32
		{B6529CFD-8DC8-4FCB-A06D-37DFC593D5A7}.Debug|x64.ActiveCfg = Debug|Win32
		{B6529CFD-8DC8-4FCB-A06D-37DFC593D5A7}.Debug|Xbox 360.ActiveCfg = Debug|Win32
		{B6529CFD-8DC8-4FCB-A06D-37DFC593D5A7}.Master Gold|Win32.ActiveCfg = Release|Win32
		{B6529CFD-8DC8-4FCB-A06D-37DFC593D5A7}.Master Gold|Win32.Build.0 = Release|Win32
		{B6529CFD-8DC8-4FCB-A06D-37DFC593D5A7}.Master Gold|x64.ActiveCfg = Release|Win32
		{B6529CFD-8DC8-4FCB-A06D-37DFC593D5A7}.Master Gold|Xbox 360.ActiveCfg = Release|Win32
		{B6529CFD-8DC8-4FCB-A06D-37DFC593D5A7}.Release(static)|Win32.ActiveCfg = Release|Win32
		{B6529CFD-8DC8-4FCB-A06D-37DFC593D5A7}.Release(static)|Win32.Build.0 = Release|Win32
		{B6529CFD-8DC8-4FCB-A06D-37DFC593D5A7}.Release(static)|x64.ActiveCfg = Release|Win32
		{B6529CFD-8DC8-4FCB-A06D-37DFC593D5A7}.Release(static)|Xbox 360.ActiveCfg = Release|Win32
		{B6529CFD-8DC8-4FCB-A06D-37DFC593D5A7}.Release(static,crt dynamic)|Win32.ActiveCfg = Release|Win32
		{B6529CFD-8DC8-4FCB-A06D-37DFC593D5A7}.Release(static,crt dynamic)|Win32.Build.0 = Release|Win32
		{B6529CFD-8DC8-4FCB-A06D-37DFC593D5A7}.Release(static,crt dynamic)|x64.ActiveCfg = Release|Win32
		{B6529CFD-8DC8-4FCB-A06D-37DFC593D5A7}.Release(static,crt dynamic)|Xbox 360.ActiveCfg = Release|Win32
		{B6529CFD-8DC8-4FCB-A06D-37DFC593D5A7}.Release|Win32.ActiveCfg = Release|Win32
		{B6529CFD-8DC8-4FCB-A06D-37DFC593D5A7}.Release|Win32.Build.0 = Release|Win32
		{B6529CFD-8DC8-4FCB-A06D-37DFC593D5A7}.Release|x64.ActiveCfg = Release|Win32
		{B6529CFD-8DC8-4FCB-A06D-37DFC593D5A7}.Release|Xbox 360.ActiveCfg = Release|Win32
	EndGlobalSection
	GlobalSection(SolutionProperties) = preSolution
		HideSolutionNode = FALSE
	EndGlobalSection
EndGlobal
